
Microsoft Visual Studio Solution File, Format Version 12.00
# Visual Studio 15
VisualStudioVersion = 15.0.28307.1340
MinimumVisualStudioVersion = 10.0.40219.1
Project("{FAE04EC0-301F-11D3-BF4B-00C04F79EFBC}") = "chaos", "chaos\chaos.csproj", "{0C674C6D-A69E-4D2B-8A79-8E79FFE3C9CF}"
EndProject
Global
	GlobalSection(SolutionConfigurationPlatforms) = preSolution
		Debug|Any CPU = Debug|Any CPU
		Release|Any CPU = Release|Any CPU
	EndGlobalSection
	GlobalSection(ProjectConfigurationPlatforms) = postSolution
		{0C674C6D-A69E-4D2B-8A79-8E79FFE3C9CF}.Debug|Any CPU.ActiveCfg = Debug|Any CPU
		{0C674C6D-A69E-4D2B-8A79-8E79FFE3C9CF}.Debug|Any CPU.Build.0 = Debug|Any CPU
		{0C674C6D-A69E-4D2B-8A79-8E79FFE3C9CF}.Release|Any CPU.ActiveCfg = Release|Any CPU
		{0C674C6D-A69E-4D2B-8A79-8E79FFE3C9CF}.Release|Any CPU.Build.0 = Release|Any CPU
	EndGlobalSection
	GlobalSection(SolutionProperties) = preSolution
		HideSolutionNode = FALSE
	EndGlobalSection
	GlobalSection(ExtensibilityGlobals) = postSolution
		SolutionGuid = {BC41DFAD-5EB3-4DA8-9372-A629A819158E}
	EndGlobalSection
EndGlobal
